# apss.lock  -  AUTO-GENERATED by `apss install`. Do not edit manually.

schema = "apss.lock/v1"

[core]
version = "1.5.0"
checksum = ""

[[package]]
id = "APS-V1-0002"
slug = "architecture-fitness"
crate_name = "apss-v1-0002-architecture-fitness"
version = "1.0.1"
checksum = "sha256:de687244a03cac2026e7b130d7e76fb05889f716da91713c3020144fa6f01c76"
source = "registry+https://crates.io"
substandards = []

[[package]]
id = "APS-V1-0001"
slug = "code-topology"
crate_name = "apss-v1-0001-code-topology"
version = "0.3.0"
checksum = "sha256:09abe2ee41935b985d82b6ed5289567d22cb5411f1030c85165bef5bc7022dd5"
source = "registry+https://crates.io"
substandards = []
